{
  "name": "Test2",
  "lockfileVersion": 2,
  "requires": true,
  "packages": {
    "": {
      "dependencies": {
        "test2": "^1.0.5"
      }
    },
    "node_modules/test2": {
      "version": "1.0.5",
      "resolved": "https://registry.npmjs.org/test2/-/test2-1.0.5.tgz",
      "integrity": "sha1-lo4bJ96VOZjbfRP89u30vXZ4MNU="
    }
  },
  "dependencies": {
    "test2": {
      "version": "1.0.5",
      "resolved": "https://registry.npmjs.org/test2/-/test2-1.0.5.tgz",
      "integrity": "sha1-lo4bJ96VOZjbfRP89u30vXZ4MNU="
    }
  }
}
